// !$*UTF8*$!
{
	archiveVersion = 1;
	classes = {
	};
	objectVersion = 46;
	objects = {

/* Begin PBXBuildFile section */
		52356A4418E6CACC00F8C363 /* searchViewController.m in Sources */ = {isa = PBXBuildFile; fileRef = 52356A4218E6CACC00F8C363 /* searchViewController.m */; };
		52356A4518E6CACC00F8C363 /* searchViewController.xib in Resources */ = {isa = PBXBuildFile; fileRef = 52356A4318E6CACC00F8C363 /* searchViewController.xib */; };
		525E807218BA72880060F6A4 /* CoreLocation.framework in Frameworks */ = {isa = PBXBuildFile; fileRef = 525E807118BA72880060F6A4 /* CoreLocation.framework */; };
		52AC57A618B87292002E039C /* Foundation.framework in Frameworks */ = {isa = PBXBuildFile; fileRef = 52AC57A518B87292002E039C /* Foundation.framework */; };
		52AC57A818B87292002E039C /* CoreGraphics.framework in Frameworks */ = {isa = PBXBuildFile; fileRef = 52AC57A718B87292002E039C /* CoreGraphics.framework */; };
		52AC57AA18B87292002E039C /* UIKit.framework in Frameworks */ = {isa = PBXBuildFile; fileRef = 52AC57A918B87292002E039C /* UIKit.framework */; };
		52AC57B018B87292002E039C /* InfoPlist.strings in Resources */ = {isa = PBXBuildFile; fileRef = 52AC57AE18B87292002E039C /* InfoPlist.strings */; };
		52AC57B218B87292002E039C /* main.m in Sources */ = {isa = PBXBuildFile; fileRef = 52AC57B118B87292002E039C /* main.m */; };
		52AC57B618B87292002E039C /* safeletAppDelegate.m in Sources */ = {isa = PBXBuildFile; fileRef = 52AC57B518B87292002E039C /* safeletAppDelegate.m */; };
		52AC57B918B87292002E039C /* Main.storyboard in Resources */ = {isa = PBXBuildFile; fileRef = 52AC57B718B87292002E039C /* Main.storyboard */; };
		52AC57BC18B87292002E039C /* safeletViewController.m in Sources */ = {isa = PBXBuildFile; fileRef = 52AC57BB18B87292002E039C /* safeletViewController.m */; };
		52AC57BE18B87292002E039C /* Images.xcassets in Resources */ = {isa = PBXBuildFile; fileRef = 52AC57BD18B87292002E039C /* Images.xcassets */; };
		52AC57C518B87292002E039C /* XCTest.framework in Frameworks */ = {isa = PBXBuildFile; fileRef = 52AC57C418B87292002E039C /* XCTest.framework */; };
		52AC57C618B87292002E039C /* Foundation.framework in Frameworks */ = {isa = PBXBuildFile; fileRef = 52AC57A518B87292002E039C /* Foundation.framework */; };
		52AC57C718B87292002E039C /* UIKit.framework in Frameworks */ = {isa = PBXBuildFile; fileRef = 52AC57A918B87292002E039C /* UIKit.framework */; };
		52AC57CF18B87292002E039C /* InfoPlist.strings in Resources */ = {isa = PBXBuildFile; fileRef = 52AC57CD18B87292002E039C /* InfoPlist.strings */; };
		52AC57D118B87292002E039C /* SafeletTests.m in Sources */ = {isa = PBXBuildFile; fileRef = 52AC57D018B87292002E039C /* SafeletTests.m */; };
		52B5243718B8BD190057F165 /* CoreBluetooth.framework in Frameworks */ = {isa = PBXBuildFile; fileRef = 52B5243618B8BD190057F165 /* CoreBluetooth.framework */; };
		52FA265B18E6F048008EAD91 /* deviceListViewController.m in Sources */ = {isa = PBXBuildFile; fileRef = 52FA265918E6F048008EAD91 /* deviceListViewController.m */; };
/* End PBXBuildFile section */

/* Begin PBXContainerItemProxy section */
		52AC57C818B87292002E039C /* PBXContainerItemProxy */ = {
			isa = PBXContainerItemProxy;
			containerPortal = 52AC579A18B87292002E039C /* Project object */;
			proxyType = 1;
			remoteGlobalIDString = 52AC57A118B87292002E039C;
			remoteInfo = Safelet;
		};
/* End PBXContainerItemProxy section */

/* Begin PBXFileReference section */
		52356A4118E6CACC00F8C363 /* searchViewController.h */ = {isa = PBXFileReference; fileEncoding = 4; lastKnownFileType = sourcecode.c.h; path = searchViewController.h; sourceTree = "<group>"; };
		52356A4218E6CACC00F8C363 /* searchViewController.m */ = {isa = PBXFileReference; fileEncoding = 4; lastKnownFileType = sourcecode.c.objc; path = searchViewController.m; sourceTree = "<group>"; };
		52356A4318E6CACC00F8C363 /* searchViewController.xib */ = {isa = PBXFileReference; fileEncoding = 4; lastKnownFileType = file.xib; path = searchViewController.xib; sourceTree = "<group>"; };
		525E807118BA72880060F6A4 /* CoreLocation.framework */ = {isa = PBXFileReference; lastKnownFileType = wrapper.framework; name = CoreLocation.framework; path = System/Library/Frameworks/CoreLocation.framework; sourceTree = SDKROOT; };
		52AC57A218B87292002E039C /* Safelet.app */ = {isa = PBXFileReference; explicitFileType = wrapper.application; includeInIndex = 0; path = Safelet.app; sourceTree = BUILT_PRODUCTS_DIR; };
		52AC57A518B87292002E039C /* Foundation.framework */ = {isa = PBXFileReference; lastKnownFileType = wrapper.framework; name = Foundation.framework; path = System/Library/Frameworks/Foundation.framework; sourceTree = SDKROOT; };
		52AC57A718B87292002E039C /* CoreGraphics.framework */ = {isa = PBXFileReference; lastKnownFileType = wrapper.framework; name = CoreGraphics.framework; path = System/Library/Frameworks/CoreGraphics.framework; sourceTree = SDKROOT; };
		52AC57A918B87292002E039C /* UIKit.framework */ = {isa = PBXFileReference; lastKnownFileType = wrapper.framework; name = UIKit.framework; path = System/Library/Frameworks/UIKit.framework; sourceTree = SDKROOT; };
		52AC57AD18B87292002E039C /* Safelet-Info.plist */ = {isa = PBXFileReference; lastKnownFileType = text.plist.xml; path = "Safelet-Info.plist"; sourceTree = "<group>"; };
		52AC57AF18B87292002E039C /* en */ = {isa = PBXFileReference; lastKnownFileType = text.plist.strings; name = en; path = en.lproj/InfoPlist.strings; sourceTree = "<group>"; };
		52AC57B118B87292002E039C /* main.m */ = {isa = PBXFileReference; lastKnownFileType = sourcecode.c.objc; path = main.m; sourceTree = "<group>"; };
		52AC57B318B87292002E039C /* Safelet-Prefix.pch */ = {isa = PBXFileReference; lastKnownFileType = sourcecode.c.h; path = "Safelet-Prefix.pch"; sourceTree = "<group>"; };
		52AC57B418B87292002E039C /* safeletAppDelegate.h */ = {isa = PBXFileReference; lastKnownFileType = sourcecode.c.h; path = safeletAppDelegate.h; sourceTree = "<group>"; };
		52AC57B518B87292002E039C /* safeletAppDelegate.m */ = {isa = PBXFileReference; lastKnownFileType = sourcecode.c.objc; path = safeletAppDelegate.m; sourceTree = "<group>"; };
		52AC57B818B87292002E039C /* Base */ = {isa = PBXFileReference; lastKnownFileType = file.storyboard; name = Base; path = Base.lproj/Main.storyboard; sourceTree = "<group>"; };
		52AC57BA18B87292002E039C /* safeletViewController.h */ = {isa = PBXFileReference; lastKnownFileType = sourcecode.c.h; path = safeletViewController.h; sourceTree = "<group>"; };
		52AC57BB18B87292002E039C /* safeletViewController.m */ = {isa = PBXFileReference; lastKnownFileType = sourcecode.c.objc; path = safeletViewController.m; sourceTree = "<group>"; };
		52AC57BD18B87292002E039C /* Images.xcassets */ = {isa = PBXFileReference; lastKnownFileType = folder.assetcatalog; path = Images.xcassets; sourceTree = "<group>"; };
		52AC57C318B87292002E039C /* SafeletTests.xctest */ = {isa = PBXFileReference; explicitFileType = wrapper.cfbundle; includeInIndex = 0; path = SafeletTests.xctest; sourceTree = BUILT_PRODUCTS_DIR; };
		52AC57C418B87292002E039C /* XCTest.framework */ = {isa = PBXFileReference; lastKnownFileType = wrapper.framework; name = XCTest.framework; path = Library/Frameworks/XCTest.framework; sourceTree = DEVELOPER_DIR; };
		52AC57CC18B87292002E039C /* SafeletTests-Info.plist */ = {isa = PBXFileReference; lastKnownFileType = text.plist.xml; path = "SafeletTests-Info.plist"; sourceTree = "<group>"; };
		52AC57CE18B87292002E039C /* en */ = {isa = PBXFileReference; lastKnownFileType = text.plist.strings; name = en; path = en.lproj/InfoPlist.strings; sourceTree = "<group>"; };
		52AC57D018B87292002E039C /* SafeletTests.m */ = {isa = PBXFileReference; lastKnownFileType = sourcecode.c.objc; path = SafeletTests.m; sourceTree = "<group>"; };
		52B5243618B8BD190057F165 /* CoreBluetooth.framework */ = {isa = PBXFileReference; lastKnownFileType = wrapper.framework; name = CoreBluetooth.framework; path = System/Library/Frameworks/CoreBluetooth.framework; sourceTree = SDKROOT; };
		52FA265818E6F048008EAD91 /* deviceListViewController.h */ = {isa = PBXFileReference; fileEncoding = 4; lastKnownFileType = sourcecode.c.h; path = deviceListViewController.h; sourceTree = "<group>"; };
		52FA265918E6F048008EAD91 /* deviceListViewController.m */ = {isa = PBXFileReference; fileEncoding = 4; lastKnownFileType = sourcecode.c.objc; path = deviceListViewController.m; sourceTree = "<group>"; };
/* End PBXFileReference section */

/* Begin PBXFrameworksBuildPhase section */
		52AC579F18B87292002E039C /* Frameworks */ = {
			isa = PBXFrameworksBuildPhase;
			buildActionMask = 2147483647;
			files = (
				525E807218BA72880060F6A4 /* CoreLocation.framework in Frameworks */,
				52B5243718B8BD190057F165 /* CoreBluetooth.framework in Frameworks */,
				52AC57A818B87292002E039C /* CoreGraphics.framework in Frameworks */,
				52AC57AA18B87292002E039C /* UIKit.framework in Frameworks */,
				52AC57A618B87292002E039C /* Foundation.framework in Frameworks */,
			);
			runOnlyForDeploymentPostprocessing = 0;
		};
		52AC57C018B87292002E039C /* Frameworks */ = {
			isa = PBXFrameworksBuildPhase;
			buildActionMask = 2147483647;
			files = (
				52AC57C518B87292002E039C /* XCTest.framework in Frameworks */,
				52AC57C718B87292002E039C /* UIKit.framework in Frameworks */,
				52AC57C618B87292002E039C /* Foundation.framework in Frameworks */,
			);
			runOnlyForDeploymentPostprocessing = 0;
		};
/* End PBXFrameworksBuildPhase section */

/* Begin PBXGroup section */
		52AC579918B87292002E039C = {
			isa = PBXGroup;
			children = (
				52AC57AB18B87292002E039C /* Safelet */,
				52AC57CA18B87292002E039C /* SafeletTests */,
				52AC57A418B87292002E039C /* Frameworks */,
				52AC57A318B87292002E039C /* Products */,
			);
			sourceTree = "<group>";
		};
		52AC57A318B87292002E039C /* Products */ = {
			isa = PBXGroup;
			children = (
				52AC57A218B87292002E039C /* Safelet.app */,
				52AC57C318B87292002E039C /* SafeletTests.xctest */,
			);
			name = Products;
			sourceTree = "<group>";
		};
		52AC57A418B87292002E039C /* Frameworks */ = {
			isa = PBXGroup;
			children = (
				525E807118BA72880060F6A4 /* CoreLocation.framework */,
				52B5243618B8BD190057F165 /* CoreBluetooth.framework */,
				52AC57A518B87292002E039C /* Foundation.framework */,
				52AC57A718B87292002E039C /* CoreGraphics.framework */,
				52AC57A918B87292002E039C /* UIKit.framework */,
				52AC57C418B87292002E039C /* XCTest.framework */,
			);
			name = Frameworks;
			sourceTree = "<group>";
		};
		52AC57AB18B87292002E039C /* Safelet */ = {
			isa = PBXGroup;
			children = (
				52AC57B418B87292002E039C /* safeletAppDelegate.h */,
				52AC57B518B87292002E039C /* safeletAppDelegate.m */,
				52AC57B718B87292002E039C /* Main.storyboard */,
				52AC57BA18B87292002E039C /* safeletViewController.h */,
				52AC57BB18B87292002E039C /* safeletViewController.m */,
				52AC57BD18B87292002E039C /* Images.xcassets */,
				52AC57AC18B87292002E039C /* Supporting Files */,
				52356A4118E6CACC00F8C363 /* searchViewController.h */,
				52356A4218E6CACC00F8C363 /* searchViewController.m */,
				52356A4318E6CACC00F8C363 /* searchViewController.xib */,
				52FA265818E6F048008EAD91 /* deviceListViewController.h */,
				52FA265918E6F048008EAD91 /* deviceListViewController.m */,
			);
			path = Safelet;
			sourceTree = "<group>";
		};
		52AC57AC18B87292002E039C /* Supporting Files */ = {
			isa = PBXGroup;
			children = (
				52AC57AD18B87292002E039C /* Safelet-Info.plist */,
				52AC57AE18B87292002E039C /* InfoPlist.strings */,
				52AC57B118B87292002E039C /* main.m */,
				52AC57B318B87292002E039C /* Safelet-Prefix.pch */,
			);
			name = "Supporting Files";
			sourceTree = "<group>";
		};
		52AC57CA18B87292002E039C /* SafeletTests */ = {
			isa = PBXGroup;
			children = (
				52AC57D018B87292002E039C /* SafeletTests.m */,
				52AC57CB18B87292002E039C /* Supporting Files */,
			);
			path = SafeletTests;
			sourceTree = "<group>";
		};
		52AC57CB18B87292002E039C /* Supporting Files */ = {
			isa = PBXGroup;
			children = (
				52AC57CC18B87292002E039C /* SafeletTests-Info.plist */,
				52AC57CD18B87292002E039C /* InfoPlist.strings */,
			);
			name = "Supporting Files";
			sourceTree = "<group>";
		};
/* End PBXGroup section */

/* Begin PBXNativeTarget section */
		52AC57A118B87292002E039C /* Safelet */ = {
			isa = PBXNativeTarget;
			buildConfigurationList = 52AC57D418B87292002E039C /* Build configuration list for PBXNativeTarget "Safelet" */;
			buildPhases = (
				52AC579E18B87292002E039C /* Sources */,
				52AC579F18B87292002E039C /* Frameworks */,
				52AC57A018B87292002E039C /* Resources */,
			);
			buildRules = (
			);
			dependencies = (
			);
			name = Safelet;
			productName = Safelet;
			productReference = 52AC57A218B87292002E039C /* Safelet.app */;
			productType = "com.apple.product-type.application";
		};
		52AC57C218B87292002E039C /* SafeletTests */ = {
			isa = PBXNativeTarget;
			buildConfigurationList = 52AC57D718B87292002E039C /* Build configuration list for PBXNativeTarget "SafeletTests" */;
			buildPhases = (
				52AC57BF18B87292002E039C /* Sources */,
				52AC57C018B87292002E039C /* Frameworks */,
				52AC57C118B87292002E039C /* Resources */,
			);
			buildRules = (
			);
			dependencies = (
				52AC57C918B87292002E039C /* PBXTargetDependency */,
			);
			name = SafeletTests;
			productName = SafeletTests;
			productReference = 52AC57C318B87292002E039C /* SafeletTests.xctest */;
			productType = "com.apple.product-type.bundle.unit-test";
		};
/* End PBXNativeTarget section */

/* Begin PBXProject section */
		52AC579A18B87292002E039C /* Project object */ = {
			isa = PBXProject;
			attributes = {
				CLASSPREFIX = safelet;
				LastUpgradeCheck = 0500;
				ORGANIZATIONNAME = "Team Safelet";
				TargetAttributes = {
					52AC57C218B87292002E039C = {
						TestTargetID = 52AC57A118B87292002E039C;
					};
				};
			};
			buildConfigurationList = 52AC579D18B87292002E039C /* Build configuration list for PBXProject "Safelet" */;
			compatibilityVersion = "Xcode 3.2";
			developmentRegion = English;
			hasScannedForEncodings = 0;
			knownRegions = (
				en,
				Base,
			);
			mainGroup = 52AC579918B87292002E039C;
			productRefGroup = 52AC57A318B87292002E039C /* Products */;
			projectDirPath = "";
			projectRoot = "";
			targets = (
				52AC57A118B87292002E039C /* Safelet */,
				52AC57C218B87292002E039C /* SafeletTests */,
			);
		};
/* End PBXProject section */

/* Begin PBXResourcesBuildPhase section */
		52AC57A018B87292002E039C /* Resources */ = {
			isa = PBXResourcesBuildPhase;
			buildActionMask = 2147483647;
			files = (
				52AC57BE18B87292002E039C /* Images.xcassets in Resources */,
				52AC57B018B87292002E039C /* InfoPlist.strings in Resources */,
				52356A4518E6CACC00F8C363 /* searchViewController.xib in Resources */,
				52AC57B918B87292002E039C /* Main.storyboard in Resources */,
			);
			runOnlyForDeploymentPostprocessing = 0;
		};
		52AC57C118B87292002E039C /* Resources */ = {
			isa = PBXResourcesBuildPhase;
			buildActionMask = 2147483647;
			files = (
				52AC57CF18B87292002E039C /* InfoPlist.strings in Resources */,
			);
			runOnlyForDeploymentPostprocessing = 0;
		};
/* End PBXResourcesBuildPhase section */

/* Begin PBXSourcesBuildPhase section */
		52AC579E18B87292002E039C /* Sources */ = {
			isa = PBXSourcesBuildPhase;
			buildActionMask = 2147483647;
			files = (
				52FA265B18E6F048008EAD91 /* deviceListViewController.m in Sources */,
				52AC57B218B87292002E039C /* main.m in Sources */,
				52AC57BC18B87292002E039C /* safeletViewController.m in Sources */,
				52356A4418E6CACC00F8C363 /* searchViewController.m in Sources */,
				52AC57B618B87292002E039C /* safeletAppDelegate.m in Sources */,
			);
			runOnlyForDeploymentPostprocessing = 0;
		};
		52AC57BF18B87292002E039C /* Sources */ = {
			isa = PBXSourcesBuildPhase;
			buildActionMask = 2147483647;
			files = (
				52AC57D118B87292002E039C /* SafeletTests.m in Sources */,
			);
			runOnlyForDeploymentPostprocessing = 0;
		};
/* End PBXSourcesBuildPhase section */

/* Begin PBXTargetDependency section */
		52AC57C918B87292002E039C /* PBXTargetDependency */ = {
			isa = PBXTargetDependency;
			target = 52AC57A118B87292002E039C /* Safelet */;
			targetProxy = 52AC57C818B87292002E039C /* PBXContainerItemProxy */;
		};
/* End PBXTargetDependency section */

/* Begin PBXVariantGroup section */
		52AC57AE18B87292002E039C /* InfoPlist.strings */ = {
			isa = PBXVariantGroup;
			children = (
				52AC57AF18B87292002E039C /* en */,
			);
			name = InfoPlist.strings;
			sourceTree = "<group>";
		};
		52AC57B718B87292002E039C /* Main.storyboard */ = {
			isa = PBXVariantGroup;
			children = (
				52AC57B818B87292002E039C /* Base */,
			);
			name = Main.storyboard;
			sourceTree = "<group>";
		};
		52AC57CD18B87292002E039C /* InfoPlist.strings */ = {
			isa = PBXVariantGroup;
			children = (
				52AC57CE18B87292002E039C /* en */,
			);
			name = InfoPlist.strings;
			sourceTree = "<group>";
		};
/* End PBXVariantGroup section */

/* Begin XCBuildConfiguration section */
		52AC57D218B87292002E039C /* Debug */ = {
			isa = XCBuildConfiguration;
			buildSettings = {
				ALWAYS_SEARCH_USER_PATHS = NO;
				ARCHS = "$(ARCHS_STANDARD_INCLUDING_64_BIT)";
				CLANG_CXX_LANGUAGE_STANDARD = "gnu++0x";
				CLANG_CXX_LIBRARY = "libc++";
				CLANG_ENABLE_MODULES = YES;
				CLANG_ENABLE_OBJC_ARC = YES;
				CLANG_WARN_BOOL_CONVERSION = YES;
				CLANG_WARN_CONSTANT_CONVERSION = YES;
				CLANG_WARN_DIRECT_OBJC_ISA_USAGE = YES_ERROR;
				CLANG_WARN_EMPTY_BODY = YES;
				CLANG_WARN_ENUM_CONVERSION = YES;
				CLANG_WARN_INT_CONVERSION = YES;
				CLANG_WARN_OBJC_ROOT_CLASS = YES_ERROR;
				CLANG_WARN__DUPLICATE_METHOD_MATCH = YES;
				"CODE_SIGN_IDENTITY[sdk=iphoneos*]" = "iPhone Developer";
				COPY_PHASE_STRIP = NO;
				GCC_C_LANGUAGE_STANDARD = gnu99;
				GCC_DYNAMIC_NO_PIC = NO;
				GCC_OPTIMIZATION_LEVEL = 0;
				GCC_PREPROCESSOR_DEFINITIONS = (
					"DEBUG=1",
					"$(inherited)",
				);
				GCC_SYMBOLS_PRIVATE_EXTERN = NO;
				GCC_WARN_64_TO_32_BIT_CONVERSION = YES;
				GCC_WARN_ABOUT_RETURN_TYPE = YES_ERROR;
				GCC_WARN_UNDECLARED_SELECTOR = YES;
				GCC_WARN_UNINITIALIZED_AUTOS = YES;
				GCC_WARN_UNUSED_FUNCTION = YES;
				GCC_WARN_UNUSED_VARIABLE = YES;
				IPHONEOS_DEPLOYMENT_TARGET = 7.0;
				ONLY_ACTIVE_ARCH = YES;
				SDKROOT = iphoneos;
			};
			name = Debug;
		};
		52AC57D318B87292002E039C /* Release */ = {
			isa = XCBuildConfiguration;
			buildSettings = {
				ALWAYS_SEARCH_USER_PATHS = NO;
				ARCHS = "$(ARCHS_STANDARD_INCLUDING_64_BIT)";
				CLANG_CXX_LANGUAGE_STANDARD = "gnu++0x";
				CLANG_CXX_LIBRARY = "libc++";
				CLANG_ENABLE_MODULES = YES;
				CLANG_ENABLE_OBJC_ARC = YES;
				CLANG_WARN_BOOL_CONVERSION = YES;
				CLANG_WARN_CONSTANT_CONVERSION = YES;
				CLANG_WARN_DIRECT_OBJC_ISA_USAGE = YES_ERROR;
				CLANG_WARN_EMPTY_BODY = YES;
				CLANG_WARN_ENUM_CONVERSION = YES;
				CLANG_WARN_INT_CONVERSION = YES;
				CLANG_WARN_OBJC_ROOT_CLASS = YES_ERROR;
				CLANG_WARN__DUPLICATE_METHOD_MATCH = YES;
				"CODE_SIGN_IDENTITY[sdk=iphoneos*]" = "iPhone Developer";
				COPY_PHASE_STRIP = YES;
				ENABLE_NS_ASSERTIONS = NO;
				GCC_C_LANGUAGE_STANDARD = gnu99;
				GCC_WARN_64_TO_32_BIT_CONVERSION = YES;
				GCC_WARN_ABOUT_RETURN_TYPE = YES_ERROR;
				GCC_WARN_UNDECLARED_SELECTOR = YES;
				GCC_WARN_UNINITIALIZED_AUTOS = YES;
				GCC_WARN_UNUSED_FUNCTION = YES;
				GCC_WARN_UNUSED_VARIABLE = YES;
				IPHONEOS_DEPLOYMENT_TARGET = 7.0;
				SDKROOT = iphoneos;
				VALIDATE_PRODUCT = YES;
			};
			name = Release;
		};
		52AC57D518B87292002E039C /* Debug */ = {
			isa = XCBuildConfiguration;
			buildSettings = {
				ASSETCATALOG_COMPILER_APPICON_NAME = AppIcon;
				ASSETCATALOG_COMPILER_LAUNCHIMAGE_NAME = LaunchImage;
				GCC_PRECOMPILE_PREFIX_HEADER = YES;
				GCC_PREFIX_HEADER = "Safelet/Safelet-Prefix.pch";
				INFOPLIST_FILE = "Safelet/Safelet-Info.plist";
				PRODUCT_NAME = "$(TARGET_NAME)";
				WRAPPER_EXTENSION = app;
			};
			name = Debug;
		};
		52AC57D618B87292002E039C /* Release */ = {
			isa = XCBuildConfiguration;
			buildSettings = {
				ASSETCATALOG_COMPILER_APPICON_NAME = AppIcon;
				ASSETCATALOG_COMPILER_LAUNCHIMAGE_NAME = LaunchImage;
				GCC_PRECOMPILE_PREFIX_HEADER = YES;
				GCC_PREFIX_HEADER = "Safelet/Safelet-Prefix.pch";
				INFOPLIST_FILE = "Safelet/Safelet-Info.plist";
				PRODUCT_NAME = "$(TARGET_NAME)";
				WRAPPER_EXTENSION = app;
			};
			name = Release;
		};
		52AC57D818B87292002E039C /* Debug */ = {
			isa = XCBuildConfiguration;
			buildSettings = {
				ARCHS = "$(ARCHS_STANDARD_INCLUDING_64_BIT)";
				BUNDLE_LOADER = "$(BUILT_PRODUCTS_DIR)/Safelet.app/Safelet";
				FRAMEWORK_SEARCH_PATHS = (
					"$(SDKROOT)/Developer/Library/Frameworks",
					"$(inherited)",
					"$(DEVELOPER_FRAMEWORKS_DIR)",
				);
				GCC_PRECOMPILE_PREFIX_HEADER = YES;
				GCC_PREFIX_HEADER = "Safelet/Safelet-Prefix.pch";
				GCC_PREPROCESSOR_DEFINITIONS = (
					"DEBUG=1",
					"$(inherited)",
				);
				INFOPLIST_FILE = "SafeletTests/SafeletTests-Info.plist";
				PRODUCT_NAME = "$(TARGET_NAME)";
				TEST_HOST = "$(BUNDLE_LOADER)";
				WRAPPER_EXTENSION = xctest;
			};
			name = Debug;
		};
		52AC57D918B87292002E039C /* Release */ = {
			isa = XCBuildConfiguration;
			buildSettings = {
				ARCHS = "$(ARCHS_STANDARD_INCLUDING_64_BIT)";
				BUNDLE_LOADER = "$(BUILT_PRODUCTS_DIR)/Safelet.app/Safelet";
				FRAMEWORK_SEARCH_PATHS = (
					"$(SDKROOT)/Developer/Library/Frameworks",
					"$(inherited)",
					"$(DEVELOPER_FRAMEWORKS_DIR)",
				);
				GCC_PRECOMPILE_PREFIX_HEADER = YES;
				GCC_PREFIX_HEADER = "Safelet/Safelet-Prefix.pch";
				INFOPLIST_FILE = "SafeletTests/SafeletTests-Info.plist";
				PRODUCT_NAME = "$(TARGET_NAME)";
				TEST_HOST = "$(BUNDLE_LOADER)";
				WRAPPER_EXTENSION = xctest;
			};
			name = Release;
		};
/* End XCBuildConfiguration section */

/* Begin XCConfigurationList section */
		52AC579D18B87292002E039C /* Build configuration list for PBXProject "Safelet" */ = {
			isa = XCConfigurationList;
			buildConfigurations = (
				52AC57D218B87292002E039C /* Debug */,
				52AC57D318B87292002E039C /* Release */,
			);
			defaultConfigurationIsVisible = 0;
			defaultConfigurationName = Release;
		};
		52AC57D418B87292002E039C /* Build configuration list for PBXNativeTarget "Safelet" */ = {
			isa = XCConfigurationList;
			buildConfigurations = (
				52AC57D518B87292002E039C /* Debug */,
				52AC57D618B87292002E039C /* Release */,
			);
			defaultConfigurationIsVisible = 0;
			defaultConfigurationName = Release;
		};
		52AC57D718B87292002E039C /* Build configuration list for PBXNativeTarget "SafeletTests" */ = {
			isa = XCConfigurationList;
			buildConfigurations = (
				52AC57D818B87292002E039C /* Debug */,
				52AC57D918B87292002E039C /* Release */,
			);
			defaultConfigurationIsVisible = 0;
			defaultConfigurationName = Release;
		};
/* End XCConfigurationList section */
	};
	rootObject = 52AC579A18B87292002E039C /* Project object */;
}
